
Microsoft Visual Studio Solution File, Format Version 12.00
# Visual Studio Version 16
VisualStudioVersion = 16.0.31105.61
MinimumVisualStudioVersion = 10.0.40219.1
Project("{FAE04EC0-301F-11D3-BF4B-00C04F79EFBC}") = "AversiontoRecursion", "AversiontoRecursion.csproj", "{EEC51938-364D-4374-816E-B7DC276981AD}"
EndProject
Global
	GlobalSection(SolutionConfigurationPlatforms) = preSolution
		Debug|Any CPU = Debug|Any CPU
		Release|Any CPU = Release|Any CPU
	EndGlobalSection
	GlobalSection(ProjectConfigurationPlatforms) = postSolution
		{EEC51938-364D-4374-816E-B7DC276981AD}.Debug|Any CPU.ActiveCfg = Debug|Any CPU
		{EEC51938-364D-4374-816E-B7DC276981AD}.Debug|Any CPU.Build.0 = Debug|Any CPU
		{EEC51938-364D-4374-816E-B7DC276981AD}.Release|Any CPU.ActiveCfg = Release|Any CPU
		{EEC51938-364D-4374-816E-B7DC276981AD}.Release|Any CPU.Build.0 = Release|Any CPU
	EndGlobalSection
	GlobalSection(SolutionProperties) = preSolution
		HideSolutionNode = FALSE
	EndGlobalSection
	GlobalSection(ExtensibilityGlobals) = postSolution
		SolutionGuid = {D9F13D34-EF0D-4D16-9AF7-6B0A53203EA2}
	EndGlobalSection
EndGlobal
